
Microsoft Visual Studio Solution File, Format Version 12.00
# Visual Studio Version 16
VisualStudioVersion = 16.0.29009.5
MinimumVisualStudioVersion = 10.0.40219.1
Project("{E24C65DC-7377-472B-9ABA-BC803B73C61A}") = "VueAdmin(1)", "VueAdmin\", "{F1B2E187-7425-49A3-B285-25CEFF77DDD1}"
	ProjectSection(WebsiteProperties) = preProject
		TargetFrameworkMoniker = ".NETFramework,Version%3Dv4.5"
		Debug.AspNetCompiler.VirtualPath = "/localhost_49174"
		Debug.AspNetCompiler.PhysicalPath = "VueAdmin\"
		Debug.AspNetCompiler.TargetPath = "PrecompiledWeb\localhost_49174\"
		Debug.AspNetCompiler.Updateable = "true"
		Debug.AspNetCompiler.ForceOverwrite = "true"
		Debug.AspNetCompiler.FixedNames = "false"
		Debug.AspNetCompiler.Debug = "True"
		Release.AspNetCompiler.VirtualPath = "/localhost_49174"
		Release.AspNetCompiler.PhysicalPath = "VueAdmin\"
		Release.AspNetCompiler.TargetPath = "PrecompiledWeb\localhost_49174\"
		Release.AspNetCompiler.Updateable = "true"
		Release.AspNetCompiler.ForceOverwrite = "true"
		Release.AspNetCompiler.FixedNames = "false"
		Release.AspNetCompiler.Debug = "False"
		VWDPort = "49174"
		SlnRelativePath = "VueAdmin\"
	EndProjectSection
EndProject
Global
	GlobalSection(SolutionConfigurationPlatforms) = preSolution
		Debug|Any CPU = Debug|Any CPU
	EndGlobalSection
	GlobalSection(ProjectConfigurationPlatforms) = postSolution
		{F1B2E187-7425-49A3-B285-25CEFF77DDD1}.Debug|Any CPU.ActiveCfg = Debug|Any CPU
		{F1B2E187-7425-49A3-B285-25CEFF77DDD1}.Debug|Any CPU.Build.0 = Debug|Any CPU
	EndGlobalSection
	GlobalSection(SolutionProperties) = preSolution
		HideSolutionNode = FALSE
	EndGlobalSection
	GlobalSection(ExtensibilityGlobals) = postSolution
		SolutionGuid = {4963C243-6922-4E08-B664-A1EA932789CC}
	EndGlobalSection
EndGlobal
