
Microsoft Visual Studio Solution File, Format Version 12.00
# Visual Studio 2013
VisualStudioVersion = 12.0.21005.1
MinimumVisualStudioVersion = 10.0.40219.1
Project("{FAE04EC0-301F-11D3-BF4B-00C04F79EFBC}") = "VueAdmin", "VueAdmin\VueAdmin.csproj", "{825A30FC-2EA2-47DD-81A9-F221E6DB0E20}"
EndProject
Global
	GlobalSection(SolutionConfigurationPlatforms) = preSolution
		Debug|Any CPU = Debug|Any CPU
		Release|Any CPU = Release|Any CPU
	EndGlobalSection
	GlobalSection(ProjectConfigurationPlatforms) = postSolution
		{825A30FC-2EA2-47DD-81A9-F221E6DB0E20}.Debug|Any CPU.ActiveCfg = Debug|Any CPU
		{825A30FC-2EA2-47DD-81A9-F221E6DB0E20}.Debug|Any CPU.Build.0 = Debug|Any CPU
		{825A30FC-2EA2-47DD-81A9-F221E6DB0E20}.Release|Any CPU.ActiveCfg = Release|Any CPU
		{825A30FC-2EA2-47DD-81A9-F221E6DB0E20}.Release|Any CPU.Build.0 = Release|Any CPU
	EndGlobalSection
	GlobalSection(SolutionProperties) = preSolution
		HideSolutionNode = FALSE
	EndGlobalSection
EndGlobal
